
Microsoft Visual Studio Solution File, Format Version 12.00
# Visual Studio Version 17
VisualStudioVersion = 17.9.34723.18
MinimumVisualStudioVersion = 10.0.40219.1
Project("{2150E333-8FDC-42A3-9474-1A3956D46DE8}") = "20 - App", "20 - App", "{EE6C6F49-856B-423E-ABB0-CE1E8CC9DE57}"
EndProject
Project("{FAE04EC0-301F-11D3-BF4B-00C04F79EFBC}") = "Sapphire.App", "Sapphire.App\Sapphire.App.csproj", "{6B70042F-2383-47A0-BA6B-26E2F8405C8C}"
EndProject
Project("{FAE04EC0-301F-11D3-BF4B-00C04F79EFBC}") = "Sapphire.Data", "Sapphire.Data\Sapphire.Data.csproj", "{F2A44F20-298B-424D-A661-737936BB8FCC}"
EndProject
Project("{2150E333-8FDC-42A3-9474-1A3956D46DE8}") = "10 - Data", "10 - Data", "{27D1C593-B3DF-45A3-92D6-FEE6E8EC74BF}"
EndProject
Project("{FAE04EC0-301F-11D3-BF4B-00C04F79EFBC}") = "Sapphire.DockerCompose.Schema.Tests", "Sapphire.DockerCompose.Schema.Tests\Sapphire.DockerCompose.Schema.Tests.csproj", "{6B7A9DEA-A70F-4EA5-A11D-7DF4FA08A659}"
EndProject
Global
	GlobalSection(SolutionConfigurationPlatforms) = preSolution
		Debug|Any CPU = Debug|Any CPU
		Release|Any CPU = Release|Any CPU
	EndGlobalSection
	GlobalSection(ProjectConfigurationPlatforms) = postSolution
		{6B70042F-2383-47A0-BA6B-26E2F8405C8C}.Debug|Any CPU.ActiveCfg = Debug|Any CPU
		{6B70042F-2383-47A0-BA6B-26E2F8405C8C}.Debug|Any CPU.Build.0 = Debug|Any CPU
		{6B70042F-2383-47A0-BA6B-26E2F8405C8C}.Release|Any CPU.ActiveCfg = Release|Any CPU
		{6B70042F-2383-47A0-BA6B-26E2F8405C8C}.Release|Any CPU.Build.0 = Release|Any CPU
		{F2A44F20-298B-424D-A661-737936BB8FCC}.Debug|Any CPU.ActiveCfg = Debug|Any CPU
		{F2A44F20-298B-424D-A661-737936BB8FCC}.Debug|Any CPU.Build.0 = Debug|Any CPU
		{F2A44F20-298B-424D-A661-737936BB8FCC}.Release|Any CPU.ActiveCfg = Release|Any CPU
		{F2A44F20-298B-424D-A661-737936BB8FCC}.Release|Any CPU.Build.0 = Release|Any CPU
		{6B7A9DEA-A70F-4EA5-A11D-7DF4FA08A659}.Debug|Any CPU.ActiveCfg = Debug|Any CPU
		{6B7A9DEA-A70F-4EA5-A11D-7DF4FA08A659}.Debug|Any CPU.Build.0 = Debug|Any CPU
		{6B7A9DEA-A70F-4EA5-A11D-7DF4FA08A659}.Release|Any CPU.ActiveCfg = Release|Any CPU
		{6B7A9DEA-A70F-4EA5-A11D-7DF4FA08A659}.Release|Any CPU.Build.0 = Release|Any CPU
	EndGlobalSection
	GlobalSection(SolutionProperties) = preSolution
		HideSolutionNode = FALSE
	EndGlobalSection
	GlobalSection(NestedProjects) = preSolution
		{6B70042F-2383-47A0-BA6B-26E2F8405C8C} = {EE6C6F49-856B-423E-ABB0-CE1E8CC9DE57}
		{F2A44F20-298B-424D-A661-737936BB8FCC} = {27D1C593-B3DF-45A3-92D6-FEE6E8EC74BF}
		{6B7A9DEA-A70F-4EA5-A11D-7DF4FA08A659} = {27D1C593-B3DF-45A3-92D6-FEE6E8EC74BF}
	EndGlobalSection
	GlobalSection(ExtensibilityGlobals) = postSolution
		SolutionGuid = {B9210062-975C-478E-A0DC-60E1E7E319F3}
	EndGlobalSection
EndGlobal
